
Microsoft Visual Studio Solution File, Format Version 12.00
# Visual Studio Version 16
VisualStudioVersion = 16.0.30907.101
MinimumVisualStudioVersion = 10.0.40219.1
Project("{FAE04EC0-301F-11D3-BF4B-00C04F79EFBC}") = "NetCoreApiWithReactJs", "NetCoreApiWithReactJs\NetCoreApiWithReactJs.csproj", "{2B9EB6A5-415E-4DF5-8702-422015921FD5}"
EndProject
Global
	GlobalSection(SolutionConfigurationPlatforms) = preSolution
		Debug|Any CPU = Debug|Any CPU
		Release|Any CPU = Release|Any CPU
	EndGlobalSection
	GlobalSection(ProjectConfigurationPlatforms) = postSolution
		{2B9EB6A5-415E-4DF5-8702-422015921FD5}.Debug|Any CPU.ActiveCfg = Debug|Any CPU
		{2B9EB6A5-415E-4DF5-8702-422015921FD5}.Debug|Any CPU.Build.0 = Debug|Any CPU
		{2B9EB6A5-415E-4DF5-8702-422015921FD5}.Release|Any CPU.ActiveCfg = Release|Any CPU
		{2B9EB6A5-415E-4DF5-8702-422015921FD5}.Release|Any CPU.Build.0 = Release|Any CPU
	EndGlobalSection
	GlobalSection(SolutionProperties) = preSolution
		HideSolutionNode = FALSE
	EndGlobalSection
	GlobalSection(ExtensibilityGlobals) = postSolution
		SolutionGuid = {DFE1279C-1F89-425D-8733-E5F8FCF21A8D}
	EndGlobalSection
EndGlobal
